<?xml version="1.0" encoding="utf-8"?>
<Project ToolsVersion="4.0" xmlns="http://schemas.microsoft.com/developer/msbuild/2003">
  <ItemGroup>
    <Filter Include="src">
      <UniqueIdentifier>{4FC737F1-C7A5-4376-A066-2A32D752A2FF}</UniqueIdentifier>
      <Extensions>h;hh;hpp;hxx;h++;hm;inl;inc;ipp;xsd;cpp;c;cc;cxx;c++;cppm;ixx;def;odl;idl;hpj;bat;asm;asmx</Extensions>
    </Filter>
    <Filter Include="src\files">
      <UniqueIdentifier>{8ae0a7db-e6ea-4aa4-8227-f3bee8487c16}</UniqueIdentifier>
    </Filter>
    <Filter Include="src\memory">
      <UniqueIdentifier>{8a0a381e-4405-4897-a2b9-61612328f59e}</UniqueIdentifier>
    </Filter>
    <Filter Include="src\process">
      <UniqueIdentifier>{f96f41c4-f1df-466a-a331-9d619f25b10f}</UniqueIdentifier>
    </Filter>
    <Filter Include="src\strings">
      <UniqueIdentifier>{cc31c953-c4b1-4b74-9da4-42627920d31c}</UniqueIdentifier>
    </Filter>
    <Filter Include="src\notifications">
      <UniqueIdentifier>{fbc99c13-f843-4ee0-85fb-f849b0c9b759}</UniqueIdentifier>
    </Filter>
    <Filter Include="src\modules">
      <UniqueIdentifier>{ad8b8921-7a80-476c-b085-efb6a53de19c}</UniqueIdentifier>
    </Filter>
  </ItemGroup>
  <ItemGroup>
    <ClCompile Include="..\src\console.cpp">
      <Filter>src</Filter>
    </ClCompile>
    <ClCompile Include="..\src\libbase.cpp">
      <Filter>src</Filter>
    </ClCompile>
    <ClCompile Include="..\src\registry.cpp">
      <Filter>src</Filter>
    </ClCompile>
    <ClCompile Include="..\src\stdext.cpp">
      <Filter>src</Filter>
    </ClCompile>
    <ClCompile Include="..\src\version.cpp">
      <Filter>src</Filter>
    </ClCompile>
    <ClCompile Include="..\src\files\version_info.cpp">
      <Filter>src\files</Filter>
    </ClCompile>
    <ClCompile Include="..\src\memory\singleton.cpp">
      <Filter>src\memory</Filter>
    </ClCompile>
    <ClCompile Include="..\src\strings\codepage.cpp">
      <Filter>src\strings</Filter>
    </ClCompile>
    <ClCompile Include="..\src\strings\util.cpp">
      <Filter>src\strings</Filter>
    </ClCompile>
    <ClCompile Include="..\src\process\info.cpp">
      <Filter>src\process</Filter>
    </ClCompile>
    <ClCompile Include="..\src\process\launch.cpp">
      <Filter>src\process</Filter>
    </ClCompile>
    <ClCompile Include="..\src\memory\shared_memory.cpp">
      <Filter>src\memory</Filter>
    </ClCompile>
    <ClCompile Include="..\src\notifications\module.cpp">
      <Filter>src\notifications</Filter>
    </ClCompile>
    <ClCompile Include="..\src\memory\search.cpp">
      <Filter>src\memory</Filter>
    </ClCompile>
    <ClCompile Include="..\src\modules\iat_patch_function.cpp">
      <Filter>src\modules</Filter>
    </ClCompile>
    <ClCompile Include="..\src\modules\library.cpp">
      <Filter>src\modules</Filter>
    </ClCompile>
    <ClCompile Include="..\src\modules\resource.cpp">
      <Filter>src\modules</Filter>
    </ClCompile>
    <ClCompile Include="..\src\modules\pe_parser.cpp">
      <Filter>src\modules</Filter>
    </ClCompile>
  </ItemGroup>
  <ItemGroup>
    <None Include="..\src\universal.inl">
      <Filter>src</Filter>
    </None>
  </ItemGroup>
</Project>